
Microsoft Visual Studio Solution File, Format Version 12.00
# Visual Studio 15
VisualStudioVersion = 15.0.28010.2046
MinimumVisualStudioVersion = 10.0.40219.1
Project("{FAE04EC0-301F-11D3-BF4B-00C04F79EFBC}") = "SumMatrix", "SumMatrix\SumMatrix.csproj", "{8EB61DC0-F812-434D-A0AC-943CB6501752}"
EndProject
Global
	GlobalSection(SolutionConfigurationPlatforms) = preSolution
		Debug|Any CPU = Debug|Any CPU
		Release|Any CPU = Release|Any CPU
	EndGlobalSection
	GlobalSection(ProjectConfigurationPlatforms) = postSolution
		{8EB61DC0-F812-434D-A0AC-943CB6501752}.Debug|Any CPU.ActiveCfg = Debug|Any CPU
		{8EB61DC0-F812-434D-A0AC-943CB6501752}.Debug|Any CPU.Build.0 = Debug|Any CPU
		{8EB61DC0-F812-434D-A0AC-943CB6501752}.Release|Any CPU.ActiveCfg = Release|Any CPU
		{8EB61DC0-F812-434D-A0AC-943CB6501752}.Release|Any CPU.Build.0 = Release|Any CPU
	EndGlobalSection
	GlobalSection(SolutionProperties) = preSolution
		HideSolutionNode = FALSE
	EndGlobalSection
	GlobalSection(ExtensibilityGlobals) = postSolution
		SolutionGuid = {DDAEE7EA-1E9C-4D0F-A5FF-6311C7019E73}
	EndGlobalSection
EndGlobal
